
Microsoft Visual Studio Solution File, Format Version 12.00
# Visual Studio 15
VisualStudioVersion = 15.0.26403.0
MinimumVisualStudioVersion = 10.0.40219.1
Project("{FAE04EC0-301F-11D3-BF4B-00C04F79EFBC}") = "BrowConsoleApp", "Brow\BrowConsoleApp.csproj", "{EC51E827-6229-4022-8AF2-21C0AFBC6865}"
EndProject
Project("{FAE04EC0-301F-11D3-BF4B-00C04F79EFBC}") = "Brow.Txt", "Brow.Txt\Brow.Txt.csproj", "{888D40D4-98CD-4296-8621-51F2978F2DB5}"
EndProject
Project("{FAE04EC0-301F-11D3-BF4B-00C04F79EFBC}") = "HtmlAgilityPackWindowsFormsApp1", "HtmlAgilityPackWindowsFormsApp1\HtmlAgilityPackWindowsFormsApp1.csproj", "{F9973C95-AD9A-43AF-915D-4BB5E87827F3}"
EndProject
Project("{FAE04EC0-301F-11D3-BF4B-00C04F79EFBC}") = "WpfApp1", "WpfApp1\WpfApp1.csproj", "{26EA85FD-28AA-494F-B3BF-FF8A0F6BBD04}"
EndProject
Project("{FAE04EC0-301F-11D3-BF4B-00C04F79EFBC}") = "WindowsFormsControlLibrary1", "WindowsFormsControlLibrary1\WindowsFormsControlLibrary1.csproj", "{B4B2A2B9-7F0D-45C5-A0E3-45F3A2C7D831}"
EndProject
Project("{FAE04EC0-301F-11D3-BF4B-00C04F79EFBC}") = "TestSwagger", "TestSwagger\TestSwagger.csproj", "{C80E3B78-CE2F-405E-8D0E-DBD931C3FCAF}"
EndProject
Project("{FAE04EC0-301F-11D3-BF4B-00C04F79EFBC}") = "RabbitMQWindowsFormsApp1", "RabbitMQWindowsFormsApp1\RabbitMQWindowsFormsApp1.csproj", "{B0D201F1-FB54-4EF1-8212-308DBB186134}"
EndProject
Project("{FAE04EC0-301F-11D3-BF4B-00C04F79EFBC}") = "ReviceConsoleApp1", "ReviceConsoleApp1\ReviceConsoleApp1.csproj", "{0C012C55-7057-4802-9969-64F8E05D5828}"
EndProject
Project("{FAE04EC0-301F-11D3-BF4B-00C04F79EFBC}") = "ConsoleApp1", "ConsoleApp1\ConsoleApp1.csproj", "{D5633BE1-8EC8-4D65-A3E1-F89961116D08}"
EndProject
Project("{FAE04EC0-301F-11D3-BF4B-00C04F79EFBC}") = "Brow.SQL", "Brow.SQL\Brow.SQL.csproj", "{91082DE6-BB62-40EC-BE8A-08E8EF667BAF}"
EndProject
Global
	GlobalSection(SolutionConfigurationPlatforms) = preSolution
		Debug|Any CPU = Debug|Any CPU
		Release|Any CPU = Release|Any CPU
	EndGlobalSection
	GlobalSection(ProjectConfigurationPlatforms) = postSolution
		{EC51E827-6229-4022-8AF2-21C0AFBC6865}.Debug|Any CPU.ActiveCfg = Debug|Any CPU
		{EC51E827-6229-4022-8AF2-21C0AFBC6865}.Debug|Any CPU.Build.0 = Debug|Any CPU
		{EC51E827-6229-4022-8AF2-21C0AFBC6865}.Release|Any CPU.ActiveCfg = Release|Any CPU
		{EC51E827-6229-4022-8AF2-21C0AFBC6865}.Release|Any CPU.Build.0 = Release|Any CPU
		{888D40D4-98CD-4296-8621-51F2978F2DB5}.Debug|Any CPU.ActiveCfg = Debug|Any CPU
		{888D40D4-98CD-4296-8621-51F2978F2DB5}.Debug|Any CPU.Build.0 = Debug|Any CPU
		{888D40D4-98CD-4296-8621-51F2978F2DB5}.Release|Any CPU.ActiveCfg = Release|Any CPU
		{888D40D4-98CD-4296-8621-51F2978F2DB5}.Release|Any CPU.Build.0 = Release|Any CPU
		{F9973C95-AD9A-43AF-915D-4BB5E87827F3}.Debug|Any CPU.ActiveCfg = Debug|Any CPU
		{F9973C95-AD9A-43AF-915D-4BB5E87827F3}.Debug|Any CPU.Build.0 = Debug|Any CPU
		{F9973C95-AD9A-43AF-915D-4BB5E87827F3}.Release|Any CPU.ActiveCfg = Release|Any CPU
		{F9973C95-AD9A-43AF-915D-4BB5E87827F3}.Release|Any CPU.Build.0 = Release|Any CPU
		{26EA85FD-28AA-494F-B3BF-FF8A0F6BBD04}.Debug|Any CPU.ActiveCfg = Debug|Any CPU
		{26EA85FD-28AA-494F-B3BF-FF8A0F6BBD04}.Debug|Any CPU.Build.0 = Debug|Any CPU
		{26EA85FD-28AA-494F-B3BF-FF8A0F6BBD04}.Release|Any CPU.ActiveCfg = Release|Any CPU
		{26EA85FD-28AA-494F-B3BF-FF8A0F6BBD04}.Release|Any CPU.Build.0 = Release|Any CPU
		{B4B2A2B9-7F0D-45C5-A0E3-45F3A2C7D831}.Debug|Any CPU.ActiveCfg = Debug|Any CPU
		{B4B2A2B9-7F0D-45C5-A0E3-45F3A2C7D831}.Debug|Any CPU.Build.0 = Debug|Any CPU
		{B4B2A2B9-7F0D-45C5-A0E3-45F3A2C7D831}.Release|Any CPU.ActiveCfg = Release|Any CPU
		{B4B2A2B9-7F0D-45C5-A0E3-45F3A2C7D831}.Release|Any CPU.Build.0 = Release|Any CPU
		{C80E3B78-CE2F-405E-8D0E-DBD931C3FCAF}.Debug|Any CPU.ActiveCfg = Debug|Any CPU
		{C80E3B78-CE2F-405E-8D0E-DBD931C3FCAF}.Debug|Any CPU.Build.0 = Debug|Any CPU
		{C80E3B78-CE2F-405E-8D0E-DBD931C3FCAF}.Release|Any CPU.ActiveCfg = Release|Any CPU
		{C80E3B78-CE2F-405E-8D0E-DBD931C3FCAF}.Release|Any CPU.Build.0 = Release|Any CPU
		{B0D201F1-FB54-4EF1-8212-308DBB186134}.Debug|Any CPU.ActiveCfg = Debug|Any CPU
		{B0D201F1-FB54-4EF1-8212-308DBB186134}.Debug|Any CPU.Build.0 = Debug|Any CPU
		{B0D201F1-FB54-4EF1-8212-308DBB186134}.Release|Any CPU.ActiveCfg = Release|Any CPU
		{B0D201F1-FB54-4EF1-8212-308DBB186134}.Release|Any CPU.Build.0 = Release|Any CPU
		{0C012C55-7057-4802-9969-64F8E05D5828}.Debug|Any CPU.ActiveCfg = Debug|Any CPU
		{0C012C55-7057-4802-9969-64F8E05D5828}.Debug|Any CPU.Build.0 = Debug|Any CPU
		{0C012C55-7057-4802-9969-64F8E05D5828}.Release|Any CPU.ActiveCfg = Release|Any CPU
		{0C012C55-7057-4802-9969-64F8E05D5828}.Release|Any CPU.Build.0 = Release|Any CPU
		{D5633BE1-8EC8-4D65-A3E1-F89961116D08}.Debug|Any CPU.ActiveCfg = Debug|Any CPU
		{D5633BE1-8EC8-4D65-A3E1-F89961116D08}.Debug|Any CPU.Build.0 = Debug|Any CPU
		{D5633BE1-8EC8-4D65-A3E1-F89961116D08}.Release|Any CPU.ActiveCfg = Release|Any CPU
		{D5633BE1-8EC8-4D65-A3E1-F89961116D08}.Release|Any CPU.Build.0 = Release|Any CPU
		{91082DE6-BB62-40EC-BE8A-08E8EF667BAF}.Debug|Any CPU.ActiveCfg = Debug|Any CPU
		{91082DE6-BB62-40EC-BE8A-08E8EF667BAF}.Debug|Any CPU.Build.0 = Debug|Any CPU
		{91082DE6-BB62-40EC-BE8A-08E8EF667BAF}.Release|Any CPU.ActiveCfg = Release|Any CPU
		{91082DE6-BB62-40EC-BE8A-08E8EF667BAF}.Release|Any CPU.Build.0 = Release|Any CPU
	EndGlobalSection
	GlobalSection(SolutionProperties) = preSolution
		HideSolutionNode = FALSE
	EndGlobalSection
EndGlobal
